// !$*UTF8*$!
{
	archiveVersion = 1;
	classes = {
	};
	objectVersion = 77;
	objects = {

/* Begin PBXBuildFile section */
		14224BCB2E3D17CB002194B8 /* RxCocoa in Frameworks */ = {isa = PBXBuildFile; productRef = 14224BCA2E3D17CB002194B8 /* RxCocoa */; };
		14224BCD2E3D17CB002194B8 /* RxRelay in Frameworks */ = {isa = PBXBuildFile; productRef = 14224BCC2E3D17CB002194B8 /* RxRelay */; };
		14224BCF2E3D17CB002194B8 /* RxSwift in Frameworks */ = {isa = PBXBuildFile; productRef = 14224BCE2E3D17CB002194B8 /* RxSwift */; };
		14A1CA262DF27F14007E4FCE /* SDWebImage in Frameworks */ = {isa = PBXBuildFile; productRef = 14A1CA252DF27F14007E4FCE /* SDWebImage */; };
		14F182D32E51990500EBB79D /* NJKit in Frameworks */ = {isa = PBXBuildFile; productRef = 14F182D22E51990500EBB79D /* NJKit */; };
		14F182D62E519E0600EBB79D /* swiftilint.yml in Resources */ = {isa = PBXBuildFile; fileRef = 14F182D52E519E0600EBB79D /* swiftilint.yml */; };
/* End PBXBuildFile section */

/* Begin PBXContainerItemProxy section */
		146CBD412DE0226F00E6D9FD /* PBXContainerItemProxy */ = {
			isa = PBXContainerItemProxy;
			containerPortal = 146CBD222DE0226E00E6D9FD /* Project object */;
			proxyType = 1;
			remoteGlobalIDString = 146CBD292DE0226E00E6D9FD;
			remoteInfo = Flix;
		};
		146CBD4B2DE0226F00E6D9FD /* PBXContainerItemProxy */ = {
			isa = PBXContainerItemProxy;
			containerPortal = 146CBD222DE0226E00E6D9FD /* Project object */;
			proxyType = 1;
			remoteGlobalIDString = 146CBD292DE0226E00E6D9FD;
			remoteInfo = Flix;
		};
/* End PBXContainerItemProxy section */

/* Begin PBXFileReference section */
		146CBD2A2DE0226E00E6D9FD /* Flix.app */ = {isa = PBXFileReference; explicitFileType = wrapper.application; includeInIndex = 0; path = Flix.app; sourceTree = BUILT_PRODUCTS_DIR; };
		146CBD402DE0226F00E6D9FD /* FlixTests.xctest */ = {isa = PBXFileReference; explicitFileType = wrapper.cfbundle; includeInIndex = 0; path = FlixTests.xctest; sourceTree = BUILT_PRODUCTS_DIR; };
		146CBD4A2DE0226F00E6D9FD /* FlixUITests.xctest */ = {isa = PBXFileReference; explicitFileType = wrapper.cfbundle; includeInIndex = 0; path = FlixUITests.xctest; sourceTree = BUILT_PRODUCTS_DIR; };
		14F182D02E5195CC00EBB79D /* NJKit */ = {isa = PBXFileReference; lastKnownFileType = wrapper; name = NJKit; path = ../NJKit; sourceTree = SOURCE_ROOT; };
		14F182D52E519E0600EBB79D /* swiftilint.yml */ = {isa = PBXFileReference; lastKnownFileType = text.yaml; path = swiftilint.yml; sourceTree = "<group>"; };
/* End PBXFileReference section */

/* Begin PBXFileSystemSynchronizedBuildFileExceptionSet section */
		146CBD522DE0226F00E6D9FD /* Exceptions for "Flix" folder in "Flix" target */ = {
			isa = PBXFileSystemSynchronizedBuildFileExceptionSet;
			membershipExceptions = (
				Resources/Info.plist,
			);
			target = 146CBD292DE0226E00E6D9FD /* Flix */;
		};
/* End PBXFileSystemSynchronizedBuildFileExceptionSet section */

/* Begin PBXFileSystemSynchronizedRootGroup section */
		146CBD2C2DE0226E00E6D9FD /* Flix */ = {
			isa = PBXFileSystemSynchronizedRootGroup;
			exceptions = (
				146CBD522DE0226F00E6D9FD /* Exceptions for "Flix" folder in "Flix" target */,
			);
			path = Flix;
			sourceTree = "<group>";
		};
		146CBD432DE0226F00E6D9FD /* FlixTests */ = {
			isa = PBXFileSystemSynchronizedRootGroup;
			path = FlixTests;
			sourceTree = "<group>";
		};
		146CBD4D2DE0226F00E6D9FD /* FlixUITests */ = {
			isa = PBXFileSystemSynchronizedRootGroup;
			path = FlixUITests;
			sourceTree = "<group>";
		};
/* End PBXFileSystemSynchronizedRootGroup section */

/* Begin PBXFrameworksBuildPhase section */
		146CBD272DE0226E00E6D9FD /* Frameworks */ = {
			isa = PBXFrameworksBuildPhase;
			buildActionMask = 2147483647;
			files = (
				14224BCD2E3D17CB002194B8 /* RxRelay in Frameworks */,
				14224BCB2E3D17CB002194B8 /* RxCocoa in Frameworks */,
				14224BCF2E3D17CB002194B8 /* RxSwift in Frameworks */,
				14F182D32E51990500EBB79D /* NJKit in Frameworks */,
				14A1CA262DF27F14007E4FCE /* SDWebImage in Frameworks */,
			);
			runOnlyForDeploymentPostprocessing = 0;
		};
		146CBD3D2DE0226F00E6D9FD /* Frameworks */ = {
			isa = PBXFrameworksBuildPhase;
			buildActionMask = 2147483647;
			files = (
			);
			runOnlyForDeploymentPostprocessing = 0;
		};
		146CBD472DE0226F00E6D9FD /* Frameworks */ = {
			isa = PBXFrameworksBuildPhase;
			buildActionMask = 2147483647;
			files = (
			);
			runOnlyForDeploymentPostprocessing = 0;
		};
/* End PBXFrameworksBuildPhase section */

/* Begin PBXGroup section */
		146CBD212DE0226E00E6D9FD = {
			isa = PBXGroup;
			children = (
				14F182D52E519E0600EBB79D /* swiftilint.yml */,
				14F182D02E5195CC00EBB79D /* NJKit */,
				146CBD2C2DE0226E00E6D9FD /* Flix */,
				146CBD432DE0226F00E6D9FD /* FlixTests */,
				146CBD4D2DE0226F00E6D9FD /* FlixUITests */,
				146CBD2B2DE0226E00E6D9FD /* Products */,
			);
			sourceTree = "<group>";
		};
		146CBD2B2DE0226E00E6D9FD /* Products */ = {
			isa = PBXGroup;
			children = (
				146CBD2A2DE0226E00E6D9FD /* Flix.app */,
				146CBD402DE0226F00E6D9FD /* FlixTests.xctest */,
				146CBD4A2DE0226F00E6D9FD /* FlixUITests.xctest */,
			);
			name = Products;
			sourceTree = "<group>";
		};
/* End PBXGroup section */

/* Begin PBXNativeTarget section */
		146CBD292DE0226E00E6D9FD /* Flix */ = {
			isa = PBXNativeTarget;
			buildConfigurationList = 146CBD532DE0226F00E6D9FD /* Build configuration list for PBXNativeTarget "Flix" */;
			buildPhases = (
				146CBD262DE0226E00E6D9FD /* Sources */,
				14F182D42E519D5300EBB79D /* ShellScript */,
				146CBD272DE0226E00E6D9FD /* Frameworks */,
				146CBD282DE0226E00E6D9FD /* Resources */,
			);
			buildRules = (
			);
			dependencies = (
			);
			fileSystemSynchronizedGroups = (
				146CBD2C2DE0226E00E6D9FD /* Flix */,
			);
			name = Flix;
			packageProductDependencies = (
				14A1CA252DF27F14007E4FCE /* SDWebImage */,
				14224BCA2E3D17CB002194B8 /* RxCocoa */,
				14224BCC2E3D17CB002194B8 /* RxRelay */,
				14224BCE2E3D17CB002194B8 /* RxSwift */,
				14F182D22E51990500EBB79D /* NJKit */,
			);
			productName = Flix;
			productReference = 146CBD2A2DE0226E00E6D9FD /* Flix.app */;
			productType = "com.apple.product-type.application";
		};
		146CBD3F2DE0226F00E6D9FD /* FlixTests */ = {
			isa = PBXNativeTarget;
			buildConfigurationList = 146CBD582DE0226F00E6D9FD /* Build configuration list for PBXNativeTarget "FlixTests" */;
			buildPhases = (
				146CBD3C2DE0226F00E6D9FD /* Sources */,
				146CBD3D2DE0226F00E6D9FD /* Frameworks */,
				146CBD3E2DE0226F00E6D9FD /* Resources */,
			);
			buildRules = (
			);
			dependencies = (
				146CBD422DE0226F00E6D9FD /* PBXTargetDependency */,
			);
			fileSystemSynchronizedGroups = (
				146CBD432DE0226F00E6D9FD /* FlixTests */,
			);
			name = FlixTests;
			packageProductDependencies = (
			);
			productName = FlixTests;
			productReference = 146CBD402DE0226F00E6D9FD /* FlixTests.xctest */;
			productType = "com.apple.product-type.bundle.unit-test";
		};
		146CBD492DE0226F00E6D9FD /* FlixUITests */ = {
			isa = PBXNativeTarget;
			buildConfigurationList = 146CBD5B2DE0226F00E6D9FD /* Build configuration list for PBXNativeTarget "FlixUITests" */;
			buildPhases = (
				146CBD462DE0226F00E6D9FD /* Sources */,
				146CBD472DE0226F00E6D9FD /* Frameworks */,
				146CBD482DE0226F00E6D9FD /* Resources */,
			);
			buildRules = (
			);
			dependencies = (
				146CBD4C2DE0226F00E6D9FD /* PBXTargetDependency */,
			);
			fileSystemSynchronizedGroups = (
				146CBD4D2DE0226F00E6D9FD /* FlixUITests */,
			);
			name = FlixUITests;
			packageProductDependencies = (
			);
			productName = FlixUITests;
			productReference = 146CBD4A2DE0226F00E6D9FD /* FlixUITests.xctest */;
			productType = "com.apple.product-type.bundle.ui-testing";
		};
/* End PBXNativeTarget section */

/* Begin PBXProject section */
		146CBD222DE0226E00E6D9FD /* Project object */ = {
			isa = PBXProject;
			attributes = {
				BuildIndependentTargetsInParallel = 1;
				LastSwiftUpdateCheck = 1630;
				LastUpgradeCheck = 1630;
				TargetAttributes = {
					146CBD292DE0226E00E6D9FD = {
						CreatedOnToolsVersion = 16.3;
					};
					146CBD3F2DE0226F00E6D9FD = {
						CreatedOnToolsVersion = 16.3;
						TestTargetID = 146CBD292DE0226E00E6D9FD;
					};
					146CBD492DE0226F00E6D9FD = {
						CreatedOnToolsVersion = 16.3;
						TestTargetID = 146CBD292DE0226E00E6D9FD;
					};
				};
			};
			buildConfigurationList = 146CBD252DE0226E00E6D9FD /* Build configuration list for PBXProject "Flix" */;
			developmentRegion = en;
			hasScannedForEncodings = 0;
			knownRegions = (
				en,
				Base,
			);
			mainGroup = 146CBD212DE0226E00E6D9FD;
			minimizedProjectReferenceProxies = 1;
			packageReferences = (
				14A1CA242DF27F14007E4FCE /* XCRemoteSwiftPackageReference "SDWebImage" */,
				14224BC92E3D17CB002194B8 /* XCRemoteSwiftPackageReference "RxSwift" */,
				14F182D12E51990500EBB79D /* XCLocalSwiftPackageReference "../NJKit" */,
			);
			preferredProjectObjectVersion = 77;
			productRefGroup = 146CBD2B2DE0226E00E6D9FD /* Products */;
			projectDirPath = "";
			projectRoot = "";
			targets = (
				146CBD292DE0226E00E6D9FD /* Flix */,
				146CBD3F2DE0226F00E6D9FD /* FlixTests */,
				146CBD492DE0226F00E6D9FD /* FlixUITests */,
			);
		};
/* End PBXProject section */

/* Begin PBXResourcesBuildPhase section */
		146CBD282DE0226E00E6D9FD /* Resources */ = {
			isa = PBXResourcesBuildPhase;
			buildActionMask = 2147483647;
			files = (
				14F182D62E519E0600EBB79D /* swiftilint.yml in Resources */,
			);
			runOnlyForDeploymentPostprocessing = 0;
		};
		146CBD3E2DE0226F00E6D9FD /* Resources */ = {
			isa = PBXResourcesBuildPhase;
			buildActionMask = 2147483647;
			files = (
			);
			runOnlyForDeploymentPostprocessing = 0;
		};
		146CBD482DE0226F00E6D9FD /* Resources */ = {
			isa = PBXResourcesBuildPhase;
			buildActionMask = 2147483647;
			files = (
			);
			runOnlyForDeploymentPostprocessing = 0;
		};
/* End PBXResourcesBuildPhase section */

/* Begin PBXShellScriptBuildPhase section */
		14F182D42E519D5300EBB79D /* ShellScript */ = {
			isa = PBXShellScriptBuildPhase;
			buildActionMask = 2147483647;
			files = (
			);
			inputFileListPaths = (
			);
			inputPaths = (
			);
			outputFileListPaths = (
			);
			outputPaths = (
			);
			runOnlyForDeploymentPostprocessing = 0;
			shellPath = /bin/sh;
			shellScript = "# Type a script or drag a script file from your workspace to insert its path.\nif which swiftlint >/dev/null; then\n  echo \"Running SwiftLint...\"\n  cd \"${SRCROOT}\"\n  swiftlint || echo \"⚠️ SwiftLint não pôde acessar alguns arquivos, verifique permissões\"\nfi\n";
		};
/* End PBXShellScriptBuildPhase section */

/* Begin PBXSourcesBuildPhase section */
		146CBD262DE0226E00E6D9FD /* Sources */ = {
			isa = PBXSourcesBuildPhase;
			buildActionMask = 2147483647;
			files = (
			);
			runOnlyForDeploymentPostprocessing = 0;
		};
		146CBD3C2DE0226F00E6D9FD /* Sources */ = {
			isa = PBXSourcesBuildPhase;
			buildActionMask = 2147483647;
			files = (
			);
			runOnlyForDeploymentPostprocessing = 0;
		};
		146CBD462DE0226F00E6D9FD /* Sources */ = {
			isa = PBXSourcesBuildPhase;
			buildActionMask = 2147483647;
			files = (
			);
			runOnlyForDeploymentPostprocessing = 0;
		};
/* End PBXSourcesBuildPhase section */

/* Begin PBXTargetDependency section */
		146CBD422DE0226F00E6D9FD /* PBXTargetDependency */ = {
			isa = PBXTargetDependency;
			target = 146CBD292DE0226E00E6D9FD /* Flix */;
			targetProxy = 146CBD412DE0226F00E6D9FD /* PBXContainerItemProxy */;
		};
		146CBD4C2DE0226F00E6D9FD /* PBXTargetDependency */ = {
			isa = PBXTargetDependency;
			target = 146CBD292DE0226E00E6D9FD /* Flix */;
			targetProxy = 146CBD4B2DE0226F00E6D9FD /* PBXContainerItemProxy */;
		};
/* End PBXTargetDependency section */

/* Begin XCBuildConfiguration section */
		146CBD542DE0226F00E6D9FD /* Debug */ = {
			isa = XCBuildConfiguration;
			buildSettings = {
				ASSETCATALOG_COMPILER_APPICON_NAME = AppIcon;
				ASSETCATALOG_COMPILER_GLOBAL_ACCENT_COLOR_NAME = AccentColor;
				CODE_SIGN_STYLE = Automatic;
				CURRENT_PROJECT_VERSION = 1;
				DEVELOPMENT_TEAM = KTUAP2Z2QF;
				GENERATE_INFOPLIST_FILE = YES;
				INFOPLIST_FILE = Flix/Resources/Info.plist;
				INFOPLIST_KEY_UIApplicationSupportsIndirectInputEvents = YES;
				INFOPLIST_KEY_UILaunchStoryboardName = LaunchScreen;
				INFOPLIST_KEY_UISupportedInterfaceOrientations_iPad = "UIInterfaceOrientationPortrait UIInterfaceOrientationPortraitUpsideDown UIInterfaceOrientationLandscapeLeft UIInterfaceOrientationLandscapeRight";
				INFOPLIST_KEY_UISupportedInterfaceOrientations_iPhone = "UIInterfaceOrientationPortrait UIInterfaceOrientationLandscapeLeft UIInterfaceOrientationLandscapeRight";
				LD_RUNPATH_SEARCH_PATHS = (
					"$(inherited)",
					"@executable_path/Frameworks",
				);
				MARKETING_VERSION = 1.0;
				PRODUCT_BUNDLE_IDENTIFIER = com.njdevelopment.Flix;
				PRODUCT_NAME = "$(TARGET_NAME)";
				SWIFT_EMIT_LOC_STRINGS = YES;
				SWIFT_VERSION = 5.0;
				TARGETED_DEVICE_FAMILY = "1,2";
			};
			name = Debug;
		};
		146CBD552DE0226F00E6D9FD /* Release */ = {
			isa = XCBuildConfiguration;
			buildSettings = {
				ASSETCATALOG_COMPILER_APPICON_NAME = AppIcon;
				ASSETCATALOG_COMPILER_GLOBAL_ACCENT_COLOR_NAME = AccentColor;
				CODE_SIGN_STYLE = Automatic;
				CURRENT_PROJECT_VERSION = 1;
				DEVELOPMENT_TEAM = KTUAP2Z2QF;
				GENERATE_INFOPLIST_FILE = YES;
				INFOPLIST_FILE = Flix/Resources/Info.plist;
				INFOPLIST_KEY_UIApplicationSupportsIndirectInputEvents = YES;
				INFOPLIST_KEY_UILaunchStoryboardName = LaunchScreen;
				INFOPLIST_KEY_UISupportedInterfaceOrientations_iPad = "UIInterfaceOrientationPortrait UIInterfaceOrientationPortraitUpsideDown UIInterfaceOrientationLandscapeLeft UIInterfaceOrientationLandscapeRight";
				INFOPLIST_KEY_UISupportedInterfaceOrientations_iPhone = "UIInterfaceOrientationPortrait UIInterfaceOrientationLandscapeLeft UIInterfaceOrientationLandscapeRight";
				LD_RUNPATH_SEARCH_PATHS = (
					"$(inherited)",
					"@executable_path/Frameworks",
				);
				MARKETING_VERSION = 1.0;
				PRODUCT_BUNDLE_IDENTIFIER = com.njdevelopment.Flix;
				PRODUCT_NAME = "$(TARGET_NAME)";
				SWIFT_EMIT_LOC_STRINGS = YES;
				SWIFT_VERSION = 5.0;
				TARGETED_DEVICE_FAMILY = "1,2";
			};
			name = Release;
		};
		146CBD562DE0226F00E6D9FD /* Debug */ = {
			isa = XCBuildConfiguration;
			buildSettings = {
				ALWAYS_SEARCH_USER_PATHS = NO;
				ASSETCATALOG_COMPILER_GENERATE_SWIFT_ASSET_SYMBOL_EXTENSIONS = YES;
				CLANG_ANALYZER_NONNULL = YES;
				CLANG_ANALYZER_NUMBER_OBJECT_CONVERSION = YES_AGGRESSIVE;
				CLANG_CXX_LANGUAGE_STANDARD = "gnu++20";
				CLANG_ENABLE_MODULES = YES;
				CLANG_ENABLE_OBJC_ARC = YES;
				CLANG_ENABLE_OBJC_WEAK = YES;
				CLANG_WARN_BLOCK_CAPTURE_AUTORELEASING = YES;
				CLANG_WARN_BOOL_CONVERSION = YES;
				CLANG_WARN_COMMA = YES;
				CLANG_WARN_CONSTANT_CONVERSION = YES;
				CLANG_WARN_DEPRECATED_OBJC_IMPLEMENTATIONS = YES;
				CLANG_WARN_DIRECT_OBJC_ISA_USAGE = YES_ERROR;
				CLANG_WARN_DOCUMENTATION_COMMENTS = YES;
				CLANG_WARN_EMPTY_BODY = YES;
				CLANG_WARN_ENUM_CONVERSION = YES;
				CLANG_WARN_INFINITE_RECURSION = YES;
				CLANG_WARN_INT_CONVERSION = YES;
				CLANG_WARN_NON_LITERAL_NULL_CONVERSION = YES;
				CLANG_WARN_OBJC_IMPLICIT_RETAIN_SELF = YES;
				CLANG_WARN_OBJC_LITERAL_CONVERSION = YES;
				CLANG_WARN_OBJC_ROOT_CLASS = YES_ERROR;
				CLANG_WARN_QUOTED_INCLUDE_IN_FRAMEWORK_HEADER = YES;
				CLANG_WARN_RANGE_LOOP_ANALYSIS = YES;
				CLANG_WARN_STRICT_PROTOTYPES = YES;
				CLANG_WARN_SUSPICIOUS_MOVE = YES;
				CLANG_WARN_UNGUARDED_AVAILABILITY = YES_AGGRESSIVE;
				CLANG_WARN_UNREACHABLE_CODE = YES;
				CLANG_WARN__DUPLICATE_METHOD_MATCH = YES;
				COPY_PHASE_STRIP = NO;
				DEBUG_INFORMATION_FORMAT = dwarf;
				DEVELOPMENT_TEAM = KTUAP2Z2QF;
				ENABLE_STRICT_OBJC_MSGSEND = YES;
				ENABLE_TESTABILITY = YES;
				ENABLE_USER_SCRIPT_SANDBOXING = YES;
				GCC_C_LANGUAGE_STANDARD = gnu17;
				GCC_DYNAMIC_NO_PIC = NO;
				GCC_NO_COMMON_BLOCKS = YES;
				GCC_OPTIMIZATION_LEVEL = 0;
				GCC_PREPROCESSOR_DEFINITIONS = (
					"DEBUG=1",
					"$(inherited)",
				);
				GCC_WARN_64_TO_32_BIT_CONVERSION = YES;
				GCC_WARN_ABOUT_RETURN_TYPE = YES_ERROR;
				GCC_WARN_UNDECLARED_SELECTOR = YES;
				GCC_WARN_UNINITIALIZED_AUTOS = YES_AGGRESSIVE;
				GCC_WARN_UNUSED_FUNCTION = YES;
				GCC_WARN_UNUSED_VARIABLE = YES;
				IPHONEOS_DEPLOYMENT_TARGET = 18.4;
				LOCALIZATION_PREFERS_STRING_CATALOGS = YES;
				MTL_ENABLE_DEBUG_INFO = INCLUDE_SOURCE;
				MTL_FAST_MATH = YES;
				ONLY_ACTIVE_ARCH = YES;
				SDKROOT = iphoneos;
				SWIFT_ACTIVE_COMPILATION_CONDITIONS = "DEBUG $(inherited)";
				SWIFT_OPTIMIZATION_LEVEL = "-Onone";
			};
			name = Debug;
		};
		146CBD572DE0226F00E6D9FD /* Release */ = {
			isa = XCBuildConfiguration;
			buildSettings = {
				ALWAYS_SEARCH_USER_PATHS = NO;
				ASSETCATALOG_COMPILER_GENERATE_SWIFT_ASSET_SYMBOL_EXTENSIONS = YES;
				CLANG_ANALYZER_NONNULL = YES;
				CLANG_ANALYZER_NUMBER_OBJECT_CONVERSION = YES_AGGRESSIVE;
				CLANG_CXX_LANGUAGE_STANDARD = "gnu++20";
				CLANG_ENABLE_MODULES = YES;
				CLANG_ENABLE_OBJC_ARC = YES;
				CLANG_ENABLE_OBJC_WEAK = YES;
				CLANG_WARN_BLOCK_CAPTURE_AUTORELEASING = YES;
				CLANG_WARN_BOOL_CONVERSION = YES;
				CLANG_WARN_COMMA = YES;
				CLANG_WARN_CONSTANT_CONVERSION = YES;
				CLANG_WARN_DEPRECATED_OBJC_IMPLEMENTATIONS = YES;
				CLANG_WARN_DIRECT_OBJC_ISA_USAGE = YES_ERROR;
				CLANG_WARN_DOCUMENTATION_COMMENTS = YES;
				CLANG_WARN_EMPTY_BODY = YES;
				CLANG_WARN_ENUM_CONVERSION = YES;
				CLANG_WARN_INFINITE_RECURSION = YES;
				CLANG_WARN_INT_CONVERSION = YES;
				CLANG_WARN_NON_LITERAL_NULL_CONVERSION = YES;
				CLANG_WARN_OBJC_IMPLICIT_RETAIN_SELF = YES;
				CLANG_WARN_OBJC_LITERAL_CONVERSION = YES;
				CLANG_WARN_OBJC_ROOT_CLASS = YES_ERROR;
				CLANG_WARN_QUOTED_INCLUDE_IN_FRAMEWORK_HEADER = YES;
				CLANG_WARN_RANGE_LOOP_ANALYSIS = YES;
				CLANG_WARN_STRICT_PROTOTYPES = YES;
				CLANG_WARN_SUSPICIOUS_MOVE = YES;
				CLANG_WARN_UNGUARDED_AVAILABILITY = YES_AGGRESSIVE;
				CLANG_WARN_UNREACHABLE_CODE = YES;
				CLANG_WARN__DUPLICATE_METHOD_MATCH = YES;
				COPY_PHASE_STRIP = NO;
				DEBUG_INFORMATION_FORMAT = "dwarf-with-dsym";
				DEVELOPMENT_TEAM = KTUAP2Z2QF;
				ENABLE_NS_ASSERTIONS = NO;
				ENABLE_STRICT_OBJC_MSGSEND = YES;
				ENABLE_USER_SCRIPT_SANDBOXING = YES;
				GCC_C_LANGUAGE_STANDARD = gnu17;
				GCC_NO_COMMON_BLOCKS = YES;
				GCC_WARN_64_TO_32_BIT_CONVERSION = YES;
				GCC_WARN_ABOUT_RETURN_TYPE = YES_ERROR;
				GCC_WARN_UNDECLARED_SELECTOR = YES;
				GCC_WARN_UNINITIALIZED_AUTOS = YES_AGGRESSIVE;
				GCC_WARN_UNUSED_FUNCTION = YES;
				GCC_WARN_UNUSED_VARIABLE = YES;
				IPHONEOS_DEPLOYMENT_TARGET = 18.4;
				LOCALIZATION_PREFERS_STRING_CATALOGS = YES;
				MTL_ENABLE_DEBUG_INFO = NO;
				MTL_FAST_MATH = YES;
				SDKROOT = iphoneos;
				SWIFT_COMPILATION_MODE = wholemodule;
				VALIDATE_PRODUCT = YES;
			};
			name = Release;
		};
		146CBD592DE0226F00E6D9FD /* Debug */ = {
			isa = XCBuildConfiguration;
			buildSettings = {
				BUNDLE_LOADER = "$(TEST_HOST)";
				CODE_SIGN_STYLE = Automatic;
				CURRENT_PROJECT_VERSION = 1;
				DEVELOPMENT_TEAM = KTUAP2Z2QF;
				GENERATE_INFOPLIST_FILE = YES;
				IPHONEOS_DEPLOYMENT_TARGET = 18.4;
				MARKETING_VERSION = 1.0;
				PRODUCT_BUNDLE_IDENTIFIER = com.njdevelopment.FlixTests;
				PRODUCT_NAME = "$(TARGET_NAME)";
				SWIFT_EMIT_LOC_STRINGS = NO;
				SWIFT_VERSION = 5.0;
				TARGETED_DEVICE_FAMILY = "1,2";
				TEST_HOST = "$(BUILT_PRODUCTS_DIR)/Flix.app/$(BUNDLE_EXECUTABLE_FOLDER_PATH)/Flix";
			};
			name = Debug;
		};
		146CBD5A2DE0226F00E6D9FD /* Release */ = {
			isa = XCBuildConfiguration;
			buildSettings = {
				BUNDLE_LOADER = "$(TEST_HOST)";
				CODE_SIGN_STYLE = Automatic;
				CURRENT_PROJECT_VERSION = 1;
				DEVELOPMENT_TEAM = KTUAP2Z2QF;
				GENERATE_INFOPLIST_FILE = YES;
				IPHONEOS_DEPLOYMENT_TARGET = 18.4;
				MARKETING_VERSION = 1.0;
				PRODUCT_BUNDLE_IDENTIFIER = com.njdevelopment.FlixTests;
				PRODUCT_NAME = "$(TARGET_NAME)";
				SWIFT_EMIT_LOC_STRINGS = NO;
				SWIFT_VERSION = 5.0;
				TARGETED_DEVICE_FAMILY = "1,2";
				TEST_HOST = "$(BUILT_PRODUCTS_DIR)/Flix.app/$(BUNDLE_EXECUTABLE_FOLDER_PATH)/Flix";
			};
			name = Release;
		};
		146CBD5C2DE0226F00E6D9FD /* Debug */ = {
			isa = XCBuildConfiguration;
			buildSettings = {
				CODE_SIGN_STYLE = Automatic;
				CURRENT_PROJECT_VERSION = 1;
				DEVELOPMENT_TEAM = KTUAP2Z2QF;
				GENERATE_INFOPLIST_FILE = YES;
				MARKETING_VERSION = 1.0;
				PRODUCT_BUNDLE_IDENTIFIER = com.njdevelopment.FlixUITests;
				PRODUCT_NAME = "$(TARGET_NAME)";
				SWIFT_EMIT_LOC_STRINGS = NO;
				SWIFT_VERSION = 5.0;
				TARGETED_DEVICE_FAMILY = "1,2";
				TEST_TARGET_NAME = Flix;
			};
			name = Debug;
		};
		146CBD5D2DE0226F00E6D9FD /* Release */ = {
			isa = XCBuildConfiguration;
			buildSettings = {
				CODE_SIGN_STYLE = Automatic;
				CURRENT_PROJECT_VERSION = 1;
				DEVELOPMENT_TEAM = KTUAP2Z2QF;
				GENERATE_INFOPLIST_FILE = YES;
				MARKETING_VERSION = 1.0;
				PRODUCT_BUNDLE_IDENTIFIER = com.njdevelopment.FlixUITests;
				PRODUCT_NAME = "$(TARGET_NAME)";
				SWIFT_EMIT_LOC_STRINGS = NO;
				SWIFT_VERSION = 5.0;
				TARGETED_DEVICE_FAMILY = "1,2";
				TEST_TARGET_NAME = Flix;
			};
			name = Release;
		};
/* End XCBuildConfiguration section */

/* Begin XCConfigurationList section */
		146CBD252DE0226E00E6D9FD /* Build configuration list for PBXProject "Flix" */ = {
			isa = XCConfigurationList;
			buildConfigurations = (
				146CBD562DE0226F00E6D9FD /* Debug */,
				146CBD572DE0226F00E6D9FD /* Release */,
			);
			defaultConfigurationIsVisible = 0;
			defaultConfigurationName = Release;
		};
		146CBD532DE0226F00E6D9FD /* Build configuration list for PBXNativeTarget "Flix" */ = {
			isa = XCConfigurationList;
			buildConfigurations = (
				146CBD542DE0226F00E6D9FD /* Debug */,
				146CBD552DE0226F00E6D9FD /* Release */,
			);
			defaultConfigurationIsVisible = 0;
			defaultConfigurationName = Release;
		};
		146CBD582DE0226F00E6D9FD /* Build configuration list for PBXNativeTarget "FlixTests" */ = {
			isa = XCConfigurationList;
			buildConfigurations = (
				146CBD592DE0226F00E6D9FD /* Debug */,
				146CBD5A2DE0226F00E6D9FD /* Release */,
			);
			defaultConfigurationIsVisible = 0;
			defaultConfigurationName = Release;
		};
		146CBD5B2DE0226F00E6D9FD /* Build configuration list for PBXNativeTarget "FlixUITests" */ = {
			isa = XCConfigurationList;
			buildConfigurations = (
				146CBD5C2DE0226F00E6D9FD /* Debug */,
				146CBD5D2DE0226F00E6D9FD /* Release */,
			);
			defaultConfigurationIsVisible = 0;
			defaultConfigurationName = Release;
		};
/* End XCConfigurationList section */

/* Begin XCLocalSwiftPackageReference section */
		14F182D12E51990500EBB79D /* XCLocalSwiftPackageReference "../NJKit" */ = {
			isa = XCLocalSwiftPackageReference;
			relativePath = ../NJKit;
		};
/* End XCLocalSwiftPackageReference section */

/* Begin XCRemoteSwiftPackageReference section */
		14224BC92E3D17CB002194B8 /* XCRemoteSwiftPackageReference "RxSwift" */ = {
			isa = XCRemoteSwiftPackageReference;
			repositoryURL = "https://github.com/ReactiveX/RxSwift.git";
			requirement = {
				kind = upToNextMajorVersion;
				minimumVersion = 6.9.0;
			};
		};
		14A1CA242DF27F14007E4FCE /* XCRemoteSwiftPackageReference "SDWebImage" */ = {
			isa = XCRemoteSwiftPackageReference;
			repositoryURL = "https://github.com/SDWebImage/SDWebImage.git";
			requirement = {
				kind = upToNextMajorVersion;
				minimumVersion = 5.21.0;
			};
		};
/* End XCRemoteSwiftPackageReference section */

/* Begin XCSwiftPackageProductDependency section */
		14224BCA2E3D17CB002194B8 /* RxCocoa */ = {
			isa = XCSwiftPackageProductDependency;
			package = 14224BC92E3D17CB002194B8 /* XCRemoteSwiftPackageReference "RxSwift" */;
			productName = RxCocoa;
		};
		14224BCC2E3D17CB002194B8 /* RxRelay */ = {
			isa = XCSwiftPackageProductDependency;
			package = 14224BC92E3D17CB002194B8 /* XCRemoteSwiftPackageReference "RxSwift" */;
			productName = RxRelay;
		};
		14224BCE2E3D17CB002194B8 /* RxSwift */ = {
			isa = XCSwiftPackageProductDependency;
			package = 14224BC92E3D17CB002194B8 /* XCRemoteSwiftPackageReference "RxSwift" */;
			productName = RxSwift;
		};
		14A1CA252DF27F14007E4FCE /* SDWebImage */ = {
			isa = XCSwiftPackageProductDependency;
			package = 14A1CA242DF27F14007E4FCE /* XCRemoteSwiftPackageReference "SDWebImage" */;
			productName = SDWebImage;
		};
		14F182D22E51990500EBB79D /* NJKit */ = {
			isa = XCSwiftPackageProductDependency;
			productName = NJKit;
		};
/* End XCSwiftPackageProductDependency section */
	};
	rootObject = 146CBD222DE0226E00E6D9FD /* Project object */;
}
